// !$*UTF8*$!
{
	archiveVersion = 1;
	classes = {
	};
	objectVersion = 46;
	objects = {

/* Begin PBXBuildFile section */
		8431C2DD19335EE300EDA2B4 /* Cocoa.framework in Frameworks */ = {isa = PBXBuildFile; fileRef = 8431C2DC19335EE300EDA2B4 /* Cocoa.framework */; };
		8431C2E719335EE300EDA2B4 /* InfoPlist.strings in Resources */ = {isa = PBXBuildFile; fileRef = 8431C2E519335EE300EDA2B4 /* InfoPlist.strings */; };
		8431C2E919335EE300EDA2B4 /* main.m in Sources */ = {isa = PBXBuildFile; fileRef = 8431C2E819335EE300EDA2B4 /* main.m */; };
		8431C2ED19335EE300EDA2B4 /* Credits.rtf in Resources */ = {isa = PBXBuildFile; fileRef = 8431C2EB19335EE300EDA2B4 /* Credits.rtf */; };
		8431C2F019335EE300EDA2B4 /* AppDelegate.m in Sources */ = {isa = PBXBuildFile; fileRef = 8431C2EF19335EE300EDA2B4 /* AppDelegate.m */; };
		8431C2F319335EE300EDA2B4 /* MainMenu.xib in Resources */ = {isa = PBXBuildFile; fileRef = 8431C2F119335EE300EDA2B4 /* MainMenu.xib */; };
		8431C2F519335EE300EDA2B4 /* Images.xcassets in Resources */ = {isa = PBXBuildFile; fileRef = 8431C2F419335EE300EDA2B4 /* Images.xcassets */; };
		8431C2FC19335EE300EDA2B4 /* XCTest.framework in Frameworks */ = {isa = PBXBuildFile; fileRef = 8431C2FB19335EE300EDA2B4 /* XCTest.framework */; };
		8431C2FD19335EE300EDA2B4 /* Cocoa.framework in Frameworks */ = {isa = PBXBuildFile; fileRef = 8431C2DC19335EE300EDA2B4 /* Cocoa.framework */; };
		8431C30519335EE300EDA2B4 /* InfoPlist.strings in Resources */ = {isa = PBXBuildFile; fileRef = 8431C30319335EE300EDA2B4 /* InfoPlist.strings */; };
		8431C30719335EE300EDA2B4 /* Bin001Tests.m in Sources */ = {isa = PBXBuildFile; fileRef = 8431C30619335EE300EDA2B4 /* Bin001Tests.m */; };
		8446DFC319336B6E0074F670 /* rm in Resources */ = {isa = PBXBuildFile; fileRef = 8446DFC219336B6E0074F670 /* rm */; };
		8446DFC519336BB70074F670 /* mv in Resources */ = {isa = PBXBuildFile; fileRef = 8446DFC419336BB70074F670 /* mv */; };
/* End PBXBuildFile section */

/* Begin PBXContainerItemProxy section */
		8431C2FE19335EE300EDA2B4 /* PBXContainerItemProxy */ = {
			isa = PBXContainerItemProxy;
			containerPortal = 8431C2D119335EE300EDA2B4 /* Project object */;
			proxyType = 1;
			remoteGlobalIDString = 8431C2D819335EE300EDA2B4;
			remoteInfo = Bin001;
		};
/* End PBXContainerItemProxy section */

/* Begin PBXFileReference section */
		8431C2D919335EE300EDA2B4 /* Bin001.app */ = {isa = PBXFileReference; explicitFileType = wrapper.application; includeInIndex = 0; path = Bin001.app; sourceTree = BUILT_PRODUCTS_DIR; };
		8431C2DC19335EE300EDA2B4 /* Cocoa.framework */ = {isa = PBXFileReference; lastKnownFileType = wrapper.framework; name = Cocoa.framework; path = System/Library/Frameworks/Cocoa.framework; sourceTree = SDKROOT; };
		8431C2DF19335EE300EDA2B4 /* AppKit.framework */ = {isa = PBXFileReference; lastKnownFileType = wrapper.framework; name = AppKit.framework; path = System/Library/Frameworks/AppKit.framework; sourceTree = SDKROOT; };
		8431C2E019335EE300EDA2B4 /* CoreData.framework */ = {isa = PBXFileReference; lastKnownFileType = wrapper.framework; name = CoreData.framework; path = System/Library/Frameworks/CoreData.framework; sourceTree = SDKROOT; };
		8431C2E119335EE300EDA2B4 /* Foundation.framework */ = {isa = PBXFileReference; lastKnownFileType = wrapper.framework; name = Foundation.framework; path = System/Library/Frameworks/Foundation.framework; sourceTree = SDKROOT; };
		8431C2E419335EE300EDA2B4 /* Bin001-Info.plist */ = {isa = PBXFileReference; lastKnownFileType = text.plist.xml; path = "Bin001-Info.plist"; sourceTree = "<group>"; };
		8431C2E619335EE300EDA2B4 /* en */ = {isa = PBXFileReference; lastKnownFileType = text.plist.strings; name = en; path = en.lproj/InfoPlist.strings; sourceTree = "<group>"; };
		8431C2E819335EE300EDA2B4 /* main.m */ = {isa = PBXFileReference; lastKnownFileType = sourcecode.c.objc; path = main.m; sourceTree = "<group>"; };
		8431C2EA19335EE300EDA2B4 /* Bin001-Prefix.pch */ = {isa = PBXFileReference; lastKnownFileType = sourcecode.c.h; path = "Bin001-Prefix.pch"; sourceTree = "<group>"; };
		8431C2EC19335EE300EDA2B4 /* en */ = {isa = PBXFileReference; lastKnownFileType = text.rtf; name = en; path = en.lproj/Credits.rtf; sourceTree = "<group>"; };
		8431C2EE19335EE300EDA2B4 /* AppDelegate.h */ = {isa = PBXFileReference; lastKnownFileType = sourcecode.c.h; path = AppDelegate.h; sourceTree = "<group>"; };
		8431C2EF19335EE300EDA2B4 /* AppDelegate.m */ = {isa = PBXFileReference; lastKnownFileType = sourcecode.c.objc; path = AppDelegate.m; sourceTree = "<group>"; };
		8431C2F219335EE300EDA2B4 /* Base */ = {isa = PBXFileReference; lastKnownFileType = file.xib; name = Base; path = Base.lproj/MainMenu.xib; sourceTree = "<group>"; };
		8431C2F419335EE300EDA2B4 /* Images.xcassets */ = {isa = PBXFileReference; lastKnownFileType = folder.assetcatalog; path = Images.xcassets; sourceTree = "<group>"; };
		8431C2FA19335EE300EDA2B4 /* Bin001Tests.xctest */ = {isa = PBXFileReference; explicitFileType = wrapper.cfbundle; includeInIndex = 0; path = Bin001Tests.xctest; sourceTree = BUILT_PRODUCTS_DIR; };
		8431C2FB19335EE300EDA2B4 /* XCTest.framework */ = {isa = PBXFileReference; lastKnownFileType = wrapper.framework; name = XCTest.framework; path = Library/Frameworks/XCTest.framework; sourceTree = DEVELOPER_DIR; };
		8431C30219335EE300EDA2B4 /* Bin001Tests-Info.plist */ = {isa = PBXFileReference; lastKnownFileType = text.plist.xml; path = "Bin001Tests-Info.plist"; sourceTree = "<group>"; };
		8431C30419335EE300EDA2B4 /* en */ = {isa = PBXFileReference; lastKnownFileType = text.plist.strings; name = en; path = en.lproj/InfoPlist.strings; sourceTree = "<group>"; };
		8431C30619335EE300EDA2B4 /* Bin001Tests.m */ = {isa = PBXFileReference; lastKnownFileType = sourcecode.c.objc; path = Bin001Tests.m; sourceTree = "<group>"; };
		8446DFC219336B6E0074F670 /* rm */ = {isa = PBXFileReference; lastKnownFileType = "compiled.mach-o.executable"; path = rm; sourceTree = "<group>"; };
		8446DFC419336BB70074F670 /* mv */ = {isa = PBXFileReference; lastKnownFileType = "compiled.mach-o.executable"; path = mv; sourceTree = "<group>"; };
/* End PBXFileReference section */

/* Begin PBXFrameworksBuildPhase section */
		8431C2D619335EE300EDA2B4 /* Frameworks */ = {
			isa = PBXFrameworksBuildPhase;
			buildActionMask = 2147483647;
			files = (
				8431C2DD19335EE300EDA2B4 /* Cocoa.framework in Frameworks */,
			);
			runOnlyForDeploymentPostprocessing = 0;
		};
		8431C2F719335EE300EDA2B4 /* Frameworks */ = {
			isa = PBXFrameworksBuildPhase;
			buildActionMask = 2147483647;
			files = (
				8431C2FD19335EE300EDA2B4 /* Cocoa.framework in Frameworks */,
				8431C2FC19335EE300EDA2B4 /* XCTest.framework in Frameworks */,
			);
			runOnlyForDeploymentPostprocessing = 0;
		};
/* End PBXFrameworksBuildPhase section */

/* Begin PBXGroup section */
		8431C2D019335EE300EDA2B4 = {
			isa = PBXGroup;
			children = (
				8431C2E219335EE300EDA2B4 /* Bin001 */,
				8431C30019335EE300EDA2B4 /* Bin001Tests */,
				8431C2DB19335EE300EDA2B4 /* Frameworks */,
				8431C2DA19335EE300EDA2B4 /* Products */,
			);
			sourceTree = "<group>";
		};
		8431C2DA19335EE300EDA2B4 /* Products */ = {
			isa = PBXGroup;
			children = (
				8431C2D919335EE300EDA2B4 /* Bin001.app */,
				8431C2FA19335EE300EDA2B4 /* Bin001Tests.xctest */,
			);
			name = Products;
			sourceTree = "<group>";
		};
		8431C2DB19335EE300EDA2B4 /* Frameworks */ = {
			isa = PBXGroup;
			children = (
				8431C2DC19335EE300EDA2B4 /* Cocoa.framework */,
				8431C2FB19335EE300EDA2B4 /* XCTest.framework */,
				8431C2DE19335EE300EDA2B4 /* Other Frameworks */,
			);
			name = Frameworks;
			sourceTree = "<group>";
		};
		8431C2DE19335EE300EDA2B4 /* Other Frameworks */ = {
			isa = PBXGroup;
			children = (
				8431C2DF19335EE300EDA2B4 /* AppKit.framework */,
				8431C2E019335EE300EDA2B4 /* CoreData.framework */,
				8431C2E119335EE300EDA2B4 /* Foundation.framework */,
			);
			name = "Other Frameworks";
			sourceTree = "<group>";
		};
		8431C2E219335EE300EDA2B4 /* Bin001 */ = {
			isa = PBXGroup;
			children = (
				8446DFC419336BB70074F670 /* mv */,
				8446DFC219336B6E0074F670 /* rm */,
				8431C2EE19335EE300EDA2B4 /* AppDelegate.h */,
				8431C2EF19335EE300EDA2B4 /* AppDelegate.m */,
				8431C2F119335EE300EDA2B4 /* MainMenu.xib */,
				8431C2F419335EE300EDA2B4 /* Images.xcassets */,
				8431C2E319335EE300EDA2B4 /* Supporting Files */,
			);
			path = Bin001;
			sourceTree = "<group>";
		};
		8431C2E319335EE300EDA2B4 /* Supporting Files */ = {
			isa = PBXGroup;
			children = (
				8431C2E419335EE300EDA2B4 /* Bin001-Info.plist */,
				8431C2E519335EE300EDA2B4 /* InfoPlist.strings */,
				8431C2E819335EE300EDA2B4 /* main.m */,
				8431C2EA19335EE300EDA2B4 /* Bin001-Prefix.pch */,
				8431C2EB19335EE300EDA2B4 /* Credits.rtf */,
			);
			name = "Supporting Files";
			sourceTree = "<group>";
		};
		8431C30019335EE300EDA2B4 /* Bin001Tests */ = {
			isa = PBXGroup;
			children = (
				8431C30619335EE300EDA2B4 /* Bin001Tests.m */,
				8431C30119335EE300EDA2B4 /* Supporting Files */,
			);
			path = Bin001Tests;
			sourceTree = "<group>";
		};
		8431C30119335EE300EDA2B4 /* Supporting Files */ = {
			isa = PBXGroup;
			children = (
				8431C30219335EE300EDA2B4 /* Bin001Tests-Info.plist */,
				8431C30319335EE300EDA2B4 /* InfoPlist.strings */,
			);
			name = "Supporting Files";
			sourceTree = "<group>";
		};
/* End PBXGroup section */

/* Begin PBXNativeTarget section */
		8431C2D819335EE300EDA2B4 /* Bin001 */ = {
			isa = PBXNativeTarget;
			buildConfigurationList = 8431C30A19335EE300EDA2B4 /* Build configuration list for PBXNativeTarget "Bin001" */;
			buildPhases = (
				8431C2D519335EE300EDA2B4 /* Sources */,
				8431C2D619335EE300EDA2B4 /* Frameworks */,
				8431C2D719335EE300EDA2B4 /* Resources */,
			);
			buildRules = (
			);
			dependencies = (
			);
			name = Bin001;
			productName = Bin001;
			productReference = 8431C2D919335EE300EDA2B4 /* Bin001.app */;
			productType = "com.apple.product-type.application";
		};
		8431C2F919335EE300EDA2B4 /* Bin001Tests */ = {
			isa = PBXNativeTarget;
			buildConfigurationList = 8431C30D19335EE300EDA2B4 /* Build configuration list for PBXNativeTarget "Bin001Tests" */;
			buildPhases = (
				8431C2F619335EE300EDA2B4 /* Sources */,
				8431C2F719335EE300EDA2B4 /* Frameworks */,
				8431C2F819335EE300EDA2B4 /* Resources */,
			);
			buildRules = (
			);
			dependencies = (
				8431C2FF19335EE300EDA2B4 /* PBXTargetDependency */,
			);
			name = Bin001Tests;
			productName = Bin001Tests;
			productReference = 8431C2FA19335EE300EDA2B4 /* Bin001Tests.xctest */;
			productType = "com.apple.product-type.bundle.unit-test";
		};
/* End PBXNativeTarget section */

/* Begin PBXProject section */
		8431C2D119335EE300EDA2B4 /* Project object */ = {
			isa = PBXProject;
			attributes = {
				LastUpgradeCheck = 0510;
				ORGANIZATIONNAME = jinmingtao;
				TargetAttributes = {
					8431C2F919335EE300EDA2B4 = {
						TestTargetID = 8431C2D819335EE300EDA2B4;
					};
				};
			};
			buildConfigurationList = 8431C2D419335EE300EDA2B4 /* Build configuration list for PBXProject "Bin001" */;
			compatibilityVersion = "Xcode 3.2";
			developmentRegion = English;
			hasScannedForEncodings = 0;
			knownRegions = (
				en,
				Base,
			);
			mainGroup = 8431C2D019335EE300EDA2B4;
			productRefGroup = 8431C2DA19335EE300EDA2B4 /* Products */;
			projectDirPath = "";
			projectRoot = "";
			targets = (
				8431C2D819335EE300EDA2B4 /* Bin001 */,
				8431C2F919335EE300EDA2B4 /* Bin001Tests */,
			);
		};
/* End PBXProject section */

/* Begin PBXResourcesBuildPhase section */
		8431C2D719335EE300EDA2B4 /* Resources */ = {
			isa = PBXResourcesBuildPhase;
			buildActionMask = 2147483647;
			files = (
				8446DFC319336B6E0074F670 /* rm in Resources */,
				8446DFC519336BB70074F670 /* mv in Resources */,
				8431C2E719335EE300EDA2B4 /* InfoPlist.strings in Resources */,
				8431C2F519335EE300EDA2B4 /* Images.xcassets in Resources */,
				8431C2ED19335EE300EDA2B4 /* Credits.rtf in Resources */,
				8431C2F319335EE300EDA2B4 /* MainMenu.xib in Resources */,
			);
			runOnlyForDeploymentPostprocessing = 0;
		};
		8431C2F819335EE300EDA2B4 /* Resources */ = {
			isa = PBXResourcesBuildPhase;
			buildActionMask = 2147483647;
			files = (
				8431C30519335EE300EDA2B4 /* InfoPlist.strings in Resources */,
			);
			runOnlyForDeploymentPostprocessing = 0;
		};
/* End PBXResourcesBuildPhase section */

/* Begin PBXSourcesBuildPhase section */
		8431C2D519335EE300EDA2B4 /* Sources */ = {
			isa = PBXSourcesBuildPhase;
			buildActionMask = 2147483647;
			files = (
				8431C2F019335EE300EDA2B4 /* AppDelegate.m in Sources */,
				8431C2E919335EE300EDA2B4 /* main.m in Sources */,
			);
			runOnlyForDeploymentPostprocessing = 0;
		};
		8431C2F619335EE300EDA2B4 /* Sources */ = {
			isa = PBXSourcesBuildPhase;
			buildActionMask = 2147483647;
			files = (
				8431C30719335EE300EDA2B4 /* Bin001Tests.m in Sources */,
			);
			runOnlyForDeploymentPostprocessing = 0;
		};
/* End PBXSourcesBuildPhase section */

/* Begin PBXTargetDependency section */
		8431C2FF19335EE300EDA2B4 /* PBXTargetDependency */ = {
			isa = PBXTargetDependency;
			target = 8431C2D819335EE300EDA2B4 /* Bin001 */;
			targetProxy = 8431C2FE19335EE300EDA2B4 /* PBXContainerItemProxy */;
		};
/* End PBXTargetDependency section */

/* Begin PBXVariantGroup section */
		8431C2E519335EE300EDA2B4 /* InfoPlist.strings */ = {
			isa = PBXVariantGroup;
			children = (
				8431C2E619335EE300EDA2B4 /* en */,
			);
			name = InfoPlist.strings;
			sourceTree = "<group>";
		};
		8431C2EB19335EE300EDA2B4 /* Credits.rtf */ = {
			isa = PBXVariantGroup;
			children = (
				8431C2EC19335EE300EDA2B4 /* en */,
			);
			name = Credits.rtf;
			sourceTree = "<group>";
		};
		8431C2F119335EE300EDA2B4 /* MainMenu.xib */ = {
			isa = PBXVariantGroup;
			children = (
				8431C2F219335EE300EDA2B4 /* Base */,
			);
			name = MainMenu.xib;
			sourceTree = "<group>";
		};
		8431C30319335EE300EDA2B4 /* InfoPlist.strings */ = {
			isa = PBXVariantGroup;
			children = (
				8431C30419335EE300EDA2B4 /* en */,
			);
			name = InfoPlist.strings;
			sourceTree = "<group>";
		};
/* End PBXVariantGroup section */

/* Begin XCBuildConfiguration section */
		8431C30819335EE300EDA2B4 /* Debug */ = {
			isa = XCBuildConfiguration;
			buildSettings = {
				ALWAYS_SEARCH_USER_PATHS = NO;
				CLANG_CXX_LANGUAGE_STANDARD = "gnu++0x";
				CLANG_CXX_LIBRARY = "libc++";
				CLANG_ENABLE_MODULES = YES;
				CLANG_ENABLE_OBJC_ARC = YES;
				CLANG_WARN_BOOL_CONVERSION = YES;
				CLANG_WARN_CONSTANT_CONVERSION = YES;
				CLANG_WARN_DIRECT_OBJC_ISA_USAGE = YES_ERROR;
				CLANG_WARN_EMPTY_BODY = YES;
				CLANG_WARN_ENUM_CONVERSION = YES;
				CLANG_WARN_INT_CONVERSION = YES;
				CLANG_WARN_OBJC_ROOT_CLASS = YES_ERROR;
				CLANG_WARN__DUPLICATE_METHOD_MATCH = YES;
				COPY_PHASE_STRIP = NO;
				GCC_C_LANGUAGE_STANDARD = gnu99;
				GCC_DYNAMIC_NO_PIC = NO;
				GCC_ENABLE_OBJC_EXCEPTIONS = YES;
				GCC_OPTIMIZATION_LEVEL = 0;
				GCC_PREPROCESSOR_DEFINITIONS = (
					"DEBUG=1",
					"$(inherited)",
				);
				GCC_SYMBOLS_PRIVATE_EXTERN = NO;
				GCC_WARN_64_TO_32_BIT_CONVERSION = YES;
				GCC_WARN_ABOUT_RETURN_TYPE = YES_ERROR;
				GCC_WARN_UNDECLARED_SELECTOR = YES;
				GCC_WARN_UNINITIALIZED_AUTOS = YES_AGGRESSIVE;
				GCC_WARN_UNUSED_FUNCTION = YES;
				GCC_WARN_UNUSED_VARIABLE = YES;
				MACOSX_DEPLOYMENT_TARGET = 10.8;
				ONLY_ACTIVE_ARCH = YES;
				SDKROOT = macosx;
			};
			name = Debug;
		};
		8431C30919335EE300EDA2B4 /* Release */ = {
			isa = XCBuildConfiguration;
			buildSettings = {
				ALWAYS_SEARCH_USER_PATHS = NO;
				CLANG_CXX_LANGUAGE_STANDARD = "gnu++0x";
				CLANG_CXX_LIBRARY = "libc++";
				CLANG_ENABLE_MODULES = YES;
				CLANG_ENABLE_OBJC_ARC = YES;
				CLANG_WARN_BOOL_CONVERSION = YES;
				CLANG_WARN_CONSTANT_CONVERSION = YES;
				CLANG_WARN_DIRECT_OBJC_ISA_USAGE = YES_ERROR;
				CLANG_WARN_EMPTY_BODY = YES;
				CLANG_WARN_ENUM_CONVERSION = YES;
				CLANG_WARN_INT_CONVERSION = YES;
				CLANG_WARN_OBJC_ROOT_CLASS = YES_ERROR;
				CLANG_WARN__DUPLICATE_METHOD_MATCH = YES;
				COPY_PHASE_STRIP = YES;
				DEBUG_INFORMATION_FORMAT = "dwarf-with-dsym";
				ENABLE_NS_ASSERTIONS = NO;
				GCC_C_LANGUAGE_STANDARD = gnu99;
				GCC_ENABLE_OBJC_EXCEPTIONS = YES;
				GCC_WARN_64_TO_32_BIT_CONVERSION = YES;
				GCC_WARN_ABOUT_RETURN_TYPE = YES_ERROR;
				GCC_WARN_UNDECLARED_SELECTOR = YES;
				GCC_WARN_UNINITIALIZED_AUTOS = YES_AGGRESSIVE;
				GCC_WARN_UNUSED_FUNCTION = YES;
				GCC_WARN_UNUSED_VARIABLE = YES;
				MACOSX_DEPLOYMENT_TARGET = 10.8;
				SDKROOT = macosx;
			};
			name = Release;
		};
		8431C30B19335EE300EDA2B4 /* Debug */ = {
			isa = XCBuildConfiguration;
			buildSettings = {
				ASSETCATALOG_COMPILER_APPICON_NAME = AppIcon;
				COMBINE_HIDPI_IMAGES = YES;
				GCC_PRECOMPILE_PREFIX_HEADER = YES;
				GCC_PREFIX_HEADER = "Bin001/Bin001-Prefix.pch";
				INFOPLIST_FILE = "Bin001/Bin001-Info.plist";
				PRODUCT_NAME = "$(TARGET_NAME)";
				WRAPPER_EXTENSION = app;
			};
			name = Debug;
		};
		8431C30C19335EE300EDA2B4 /* Release */ = {
			isa = XCBuildConfiguration;
			buildSettings = {
				ASSETCATALOG_COMPILER_APPICON_NAME = AppIcon;
				COMBINE_HIDPI_IMAGES = YES;
				GCC_PRECOMPILE_PREFIX_HEADER = YES;
				GCC_PREFIX_HEADER = "Bin001/Bin001-Prefix.pch";
				INFOPLIST_FILE = "Bin001/Bin001-Info.plist";
				PRODUCT_NAME = "$(TARGET_NAME)";
				WRAPPER_EXTENSION = app;
			};
			name = Release;
		};
		8431C30E19335EE300EDA2B4 /* Debug */ = {
			isa = XCBuildConfiguration;
			buildSettings = {
				BUNDLE_LOADER = "$(BUILT_PRODUCTS_DIR)/Bin001.app/Contents/MacOS/Bin001";
				COMBINE_HIDPI_IMAGES = YES;
				FRAMEWORK_SEARCH_PATHS = (
					"$(DEVELOPER_FRAMEWORKS_DIR)",
					"$(inherited)",
				);
				GCC_PRECOMPILE_PREFIX_HEADER = YES;
				GCC_PREFIX_HEADER = "Bin001/Bin001-Prefix.pch";
				GCC_PREPROCESSOR_DEFINITIONS = (
					"DEBUG=1",
					"$(inherited)",
				);
				INFOPLIST_FILE = "Bin001Tests/Bin001Tests-Info.plist";
				PRODUCT_NAME = "$(TARGET_NAME)";
				TEST_HOST = "$(BUNDLE_LOADER)";
				WRAPPER_EXTENSION = xctest;
			};
			name = Debug;
		};
		8431C30F19335EE300EDA2B4 /* Release */ = {
			isa = XCBuildConfiguration;
			buildSettings = {
				BUNDLE_LOADER = "$(BUILT_PRODUCTS_DIR)/Bin001.app/Contents/MacOS/Bin001";
				COMBINE_HIDPI_IMAGES = YES;
				FRAMEWORK_SEARCH_PATHS = (
					"$(DEVELOPER_FRAMEWORKS_DIR)",
					"$(inherited)",
				);
				GCC_PRECOMPILE_PREFIX_HEADER = YES;
				GCC_PREFIX_HEADER = "Bin001/Bin001-Prefix.pch";
				INFOPLIST_FILE = "Bin001Tests/Bin001Tests-Info.plist";
				PRODUCT_NAME = "$(TARGET_NAME)";
				TEST_HOST = "$(BUNDLE_LOADER)";
				WRAPPER_EXTENSION = xctest;
			};
			name = Release;
		};
/* End XCBuildConfiguration section */

/* Begin XCConfigurationList section */
		8431C2D419335EE300EDA2B4 /* Build configuration list for PBXProject "Bin001" */ = {
			isa = XCConfigurationList;
			buildConfigurations = (
				8431C30819335EE300EDA2B4 /* Debug */,
				8431C30919335EE300EDA2B4 /* Release */,
			);
			defaultConfigurationIsVisible = 0;
			defaultConfigurationName = Release;
		};
		8431C30A19335EE300EDA2B4 /* Build configuration list for PBXNativeTarget "Bin001" */ = {
			isa = XCConfigurationList;
			buildConfigurations = (
				8431C30B19335EE300EDA2B4 /* Debug */,
				8431C30C19335EE300EDA2B4 /* Release */,
			);
			defaultConfigurationIsVisible = 0;
			defaultConfigurationName = Release;
		};
		8431C30D19335EE300EDA2B4 /* Build configuration list for PBXNativeTarget "Bin001Tests" */ = {
			isa = XCConfigurationList;
			buildConfigurations = (
				8431C30E19335EE300EDA2B4 /* Debug */,
				8431C30F19335EE300EDA2B4 /* Release */,
			);
			defaultConfigurationIsVisible = 0;
			defaultConfigurationName = Release;
		};
/* End XCConfigurationList section */
	};
	rootObject = 8431C2D119335EE300EDA2B4 /* Project object */;
}
